
Microsoft Visual Studio Solution File, Format Version 12.00
Project("{2150E333-8FDC-42A3-9474-1A3956D46DE8}") = "src", "src", "{B226075E-4894-40BE-A4D5-5E321AFDC302}"
EndProject
Project("{2150E333-8FDC-42A3-9474-1A3956D46DE8}") = "tests", "tests", "{E46B1F96-FB50-4FF0-BFE3-461A53BA1643}"
EndProject
Project("{FAE04EC0-301F-11D3-BF4B-00C04F79EFBC}") = "TextAPI.Domain", "src\TextAPI.Domain\TextAPI.Domain.csproj", "{A4A55996-76F5-4D98-9BE9-22311D569A42}"
EndProject
Project("{FAE04EC0-301F-11D3-BF4B-00C04F79EFBC}") = "TextAPI.Application", "src\TextAPI.Application\TextAPI.Application.csproj", "{5642CDD1-0BCB-4874-8D35-03A9ABC8D2D7}"
EndProject
Project("{FAE04EC0-301F-11D3-BF4B-00C04F79EFBC}") = "TextAPI.Infrastructure", "src\TextAPI.Infrastructure\TextAPI.Infrastructure.csproj", "{9A3FE54D-B82F-4522-8461-CBA7DD25F450}"
EndProject
Project("{FAE04EC0-301F-11D3-BF4B-00C04F79EFBC}") = "TextAPI.WebAPI", "src\TextAPI.WebAPI\TextAPI.WebAPI.csproj", "{2ED44184-23BE-4BAE-92BA-9F112B207823}"
EndProject
Project("{FAE04EC0-301F-11D3-BF4B-00C04F79EFBC}") = "TextAPI.UnitTests.Domain", "tests\TextAPI.UnitTests.Domain\TextAPI.UnitTests.Domain.csproj", "{2BC73A1F-B33F-40C8-A3C6-5964A2CEEC28}"
EndProject
Project("{FAE04EC0-301F-11D3-BF4B-00C04F79EFBC}") = "TextAPI.UnitTests.Application", "tests\TextAPI.UnitTests.Application\TextAPI.UnitTests.Application.csproj", "{41379141-27BA-497D-8682-C232C85BC0B7}"
EndProject
Project("{FAE04EC0-301F-11D3-BF4B-00C04F79EFBC}") = "TextAPI.UnitTests.Infrastructure", "tests\TextAPI.UnitTests.Infrastructure\TextAPI.UnitTests.Infrastructure.csproj", "{64848FFB-9966-49A3-98DB-43AB9F448D14}"
EndProject
Project("{FAE04EC0-301F-11D3-BF4B-00C04F79EFBC}") = "TextAPI.IntegrationTests", "tests\TextAPI.IntegrationTests\TextAPI.IntegrationTests.csproj", "{1A84ADC4-1EB3-4B4E-AC39-8248AFF17392}"
EndProject
Global
	GlobalSection(SolutionConfigurationPlatforms) = preSolution
		Debug|Any CPU = Debug|Any CPU
		Release|Any CPU = Release|Any CPU
	EndGlobalSection
	GlobalSection(NestedProjects) = preSolution
		{A4A55996-76F5-4D98-9BE9-22311D569A42} = {B226075E-4894-40BE-A4D5-5E321AFDC302}
		{5642CDD1-0BCB-4874-8D35-03A9ABC8D2D7} = {B226075E-4894-40BE-A4D5-5E321AFDC302}
		{9A3FE54D-B82F-4522-8461-CBA7DD25F450} = {B226075E-4894-40BE-A4D5-5E321AFDC302}
		{2ED44184-23BE-4BAE-92BA-9F112B207823} = {B226075E-4894-40BE-A4D5-5E321AFDC302}
		{2BC73A1F-B33F-40C8-A3C6-5964A2CEEC28} = {E46B1F96-FB50-4FF0-BFE3-461A53BA1643}
		{41379141-27BA-497D-8682-C232C85BC0B7} = {E46B1F96-FB50-4FF0-BFE3-461A53BA1643}
		{64848FFB-9966-49A3-98DB-43AB9F448D14} = {E46B1F96-FB50-4FF0-BFE3-461A53BA1643}
		{1A84ADC4-1EB3-4B4E-AC39-8248AFF17392} = {E46B1F96-FB50-4FF0-BFE3-461A53BA1643}
	EndGlobalSection
	GlobalSection(ProjectConfigurationPlatforms) = postSolution
		{A4A55996-76F5-4D98-9BE9-22311D569A42}.Debug|Any CPU.ActiveCfg = Debug|Any CPU
		{A4A55996-76F5-4D98-9BE9-22311D569A42}.Debug|Any CPU.Build.0 = Debug|Any CPU
		{A4A55996-76F5-4D98-9BE9-22311D569A42}.Release|Any CPU.ActiveCfg = Release|Any CPU
		{A4A55996-76F5-4D98-9BE9-22311D569A42}.Release|Any CPU.Build.0 = Release|Any CPU
		{5642CDD1-0BCB-4874-8D35-03A9ABC8D2D7}.Debug|Any CPU.ActiveCfg = Debug|Any CPU
		{5642CDD1-0BCB-4874-8D35-03A9ABC8D2D7}.Debug|Any CPU.Build.0 = Debug|Any CPU
		{5642CDD1-0BCB-4874-8D35-03A9ABC8D2D7}.Release|Any CPU.ActiveCfg = Release|Any CPU
		{5642CDD1-0BCB-4874-8D35-03A9ABC8D2D7}.Release|Any CPU.Build.0 = Release|Any CPU
		{9A3FE54D-B82F-4522-8461-CBA7DD25F450}.Debug|Any CPU.ActiveCfg = Debug|Any CPU
		{9A3FE54D-B82F-4522-8461-CBA7DD25F450}.Debug|Any CPU.Build.0 = Debug|Any CPU
		{9A3FE54D-B82F-4522-8461-CBA7DD25F450}.Release|Any CPU.ActiveCfg = Release|Any CPU
		{9A3FE54D-B82F-4522-8461-CBA7DD25F450}.Release|Any CPU.Build.0 = Release|Any CPU
		{2ED44184-23BE-4BAE-92BA-9F112B207823}.Debug|Any CPU.ActiveCfg = Debug|Any CPU
		{2ED44184-23BE-4BAE-92BA-9F112B207823}.Debug|Any CPU.Build.0 = Debug|Any CPU
		{2ED44184-23BE-4BAE-92BA-9F112B207823}.Release|Any CPU.ActiveCfg = Release|Any CPU
		{2ED44184-23BE-4BAE-92BA-9F112B207823}.Release|Any CPU.Build.0 = Release|Any CPU
		{2BC73A1F-B33F-40C8-A3C6-5964A2CEEC28}.Debug|Any CPU.ActiveCfg = Debug|Any CPU
		{2BC73A1F-B33F-40C8-A3C6-5964A2CEEC28}.Debug|Any CPU.Build.0 = Debug|Any CPU
		{2BC73A1F-B33F-40C8-A3C6-5964A2CEEC28}.Release|Any CPU.ActiveCfg = Release|Any CPU
		{2BC73A1F-B33F-40C8-A3C6-5964A2CEEC28}.Release|Any CPU.Build.0 = Release|Any CPU
		{41379141-27BA-497D-8682-C232C85BC0B7}.Debug|Any CPU.ActiveCfg = Debug|Any CPU
		{41379141-27BA-497D-8682-C232C85BC0B7}.Debug|Any CPU.Build.0 = Debug|Any CPU
		{41379141-27BA-497D-8682-C232C85BC0B7}.Release|Any CPU.ActiveCfg = Release|Any CPU
		{41379141-27BA-497D-8682-C232C85BC0B7}.Release|Any CPU.Build.0 = Release|Any CPU
		{64848FFB-9966-49A3-98DB-43AB9F448D14}.Debug|Any CPU.ActiveCfg = Debug|Any CPU
		{64848FFB-9966-49A3-98DB-43AB9F448D14}.Debug|Any CPU.Build.0 = Debug|Any CPU
		{64848FFB-9966-49A3-98DB-43AB9F448D14}.Release|Any CPU.ActiveCfg = Release|Any CPU
		{64848FFB-9966-49A3-98DB-43AB9F448D14}.Release|Any CPU.Build.0 = Release|Any CPU
		{1A84ADC4-1EB3-4B4E-AC39-8248AFF17392}.Debug|Any CPU.ActiveCfg = Debug|Any CPU
		{1A84ADC4-1EB3-4B4E-AC39-8248AFF17392}.Debug|Any CPU.Build.0 = Debug|Any CPU
		{1A84ADC4-1EB3-4B4E-AC39-8248AFF17392}.Release|Any CPU.ActiveCfg = Release|Any CPU
		{1A84ADC4-1EB3-4B4E-AC39-8248AFF17392}.Release|Any CPU.Build.0 = Release|Any CPU
	EndGlobalSection
EndGlobal
